
Microsoft Visual Studio Solution File, Format Version 12.00
# Visual Studio Version 17
VisualStudioVersion = 17.3.32922.545
MinimumVisualStudioVersion = 10.0.40219.1
Project("{D954291E-2A0B-460D-934E-DC6B0785DB48}") = "FuryRoad.Shared", "FuryRoad\FuryRoad.Shared\FuryRoad.Shared.shproj", "{6279C845-92F8-4333-AB99-3D213163593C}"
EndProject
Project("{2150E333-8FDC-42A3-9474-1A3956D46DE8}") = "Platforms", "Platforms", "{1301B1BF-9DE5-4BEB-9D1B-2B6379E2C31F}"
EndProject
Project("{FAE04EC0-301F-11D3-BF4B-00C04F79EFBC}") = "FuryRoad.Wasm", "FuryRoad\FuryRoad.Wasm\FuryRoad.Wasm.csproj", "{6007CCC4-858E-4DE9-AE28-B0B6006951BC}"
EndProject
Global
	GlobalSection(SolutionConfigurationPlatforms) = preSolution
		Debug|Any CPU = Debug|Any CPU
		Release|Any CPU = Release|Any CPU
	EndGlobalSection
	GlobalSection(ProjectConfigurationPlatforms) = postSolution
		{6007CCC4-858E-4DE9-AE28-B0B6006951BC}.Debug|Any CPU.ActiveCfg = Debug|Any CPU
		{6007CCC4-858E-4DE9-AE28-B0B6006951BC}.Debug|Any CPU.Build.0 = Debug|Any CPU
		{6007CCC4-858E-4DE9-AE28-B0B6006951BC}.Release|Any CPU.ActiveCfg = Release|Any CPU
		{6007CCC4-858E-4DE9-AE28-B0B6006951BC}.Release|Any CPU.Build.0 = Release|Any CPU
	EndGlobalSection
	GlobalSection(SolutionProperties) = preSolution
		HideSolutionNode = FALSE
	EndGlobalSection
	GlobalSection(NestedProjects) = preSolution
		{6007CCC4-858E-4DE9-AE28-B0B6006951BC} = {1301B1BF-9DE5-4BEB-9D1B-2B6379E2C31F}
	EndGlobalSection
	GlobalSection(ExtensibilityGlobals) = postSolution
		SolutionGuid = {953C4171-D9C2-464B-B537-B7D1D2DA8AEA}
	EndGlobalSection
	GlobalSection(SharedMSBuildProjectFiles) = preSolution
		FuryRoad\FuryRoad.Shared\FuryRoad.Shared.projitems*{6007ccc4-858e-4de9-ae28-b0b6006951bc}*SharedItemsImports = 5
		FuryRoad\FuryRoad.Shared\FuryRoad.Shared.projitems*{6279c845-92f8-4333-ab99-3d213163593c}*SharedItemsImports = 13
	EndGlobalSection
EndGlobal
